
Microsoft Visual Studio Solution File, Format Version 12.00
# Visual Studio Version 17
VisualStudioVersion = 17.12.35707.178 d17.12
MinimumVisualStudioVersion = 10.0.40219.1
Project("{FAE04EC0-301F-11D3-BF4B-00C04F79EFBC}") = "Item", "Item\Item.csproj", "{FCBEF26D-139E-404F-896C-36B3D4B40528}"
EndProject
Global
	GlobalSection(SolutionConfigurationPlatforms) = preSolution
		Debug|Any CPU = Debug|Any CPU
		Release|Any CPU = Release|Any CPU
	EndGlobalSection
	GlobalSection(ProjectConfigurationPlatforms) = postSolution
		{FCBEF26D-139E-404F-896C-36B3D4B40528}.Debug|Any CPU.ActiveCfg = Debug|Any CPU
		{FCBEF26D-139E-404F-896C-36B3D4B40528}.Debug|Any CPU.Build.0 = Debug|Any CPU
		{FCBEF26D-139E-404F-896C-36B3D4B40528}.Release|Any CPU.ActiveCfg = Release|Any CPU
		{FCBEF26D-139E-404F-896C-36B3D4B40528}.Release|Any CPU.Build.0 = Release|Any CPU
	EndGlobalSection
	GlobalSection(SolutionProperties) = preSolution
		HideSolutionNode = FALSE
	EndGlobalSection
EndGlobal
