
Microsoft Visual Studio Solution File, Format Version 12.00
# Visual Studio Version 17
VisualStudioVersion = 17.12.35707.178 d17.12
MinimumVisualStudioVersion = 10.0.40219.1
Project("{FAE04EC0-301F-11D3-BF4B-00C04F79EFBC}") = "TextRpg", "TextRpg\TextRpg.csproj", "{46CEFD7D-F2D6-45F0-BD18-372E8AB7F946}"
EndProject
Global
	GlobalSection(SolutionConfigurationPlatforms) = preSolution
		Debug|Any CPU = Debug|Any CPU
		Release|Any CPU = Release|Any CPU
	EndGlobalSection
	GlobalSection(ProjectConfigurationPlatforms) = postSolution
		{46CEFD7D-F2D6-45F0-BD18-372E8AB7F946}.Debug|Any CPU.ActiveCfg = Debug|Any CPU
		{46CEFD7D-F2D6-45F0-BD18-372E8AB7F946}.Debug|Any CPU.Build.0 = Debug|Any CPU
		{46CEFD7D-F2D6-45F0-BD18-372E8AB7F946}.Release|Any CPU.ActiveCfg = Release|Any CPU
		{46CEFD7D-F2D6-45F0-BD18-372E8AB7F946}.Release|Any CPU.Build.0 = Release|Any CPU
	EndGlobalSection
	GlobalSection(SolutionProperties) = preSolution
		HideSolutionNode = FALSE
	EndGlobalSection
EndGlobal
